
Microsoft Visual Studio Solution File, Format Version 12.00
# Visual Studio Version 16
VisualStudioVersion = 16.0.31229.75
MinimumVisualStudioVersion = 10.0.40219.1
Project("{8BC9CEB8-8B4A-11D0-8D11-00A0C91BC942}") = "FriendPairing", "FriendPairing\FriendPairing.vcxproj", "{423D6153-EDD7-4F14-AE2F-743EA2438FE0}"
EndProject
Global
	GlobalSection(SolutionConfigurationPlatforms) = preSolution
		Debug|x64 = Debug|x64
		Debug|x86 = Debug|x86
		Release|x64 = Release|x64
		Release|x86 = Release|x86
	EndGlobalSection
	GlobalSection(ProjectConfigurationPlatforms) = postSolution
		{423D6153-EDD7-4F14-AE2F-743EA2438FE0}.Debug|x64.ActiveCfg = Debug|x64
		{423D6153-EDD7-4F14-AE2F-743EA2438FE0}.Debug|x64.Build.0 = Debug|x64
		{423D6153-EDD7-4F14-AE2F-743EA2438FE0}.Debug|x86.ActiveCfg = Debug|Win32
		{423D6153-EDD7-4F14-AE2F-743EA2438FE0}.Debug|x86.Build.0 = Debug|Win32
		{423D6153-EDD7-4F14-AE2F-743EA2438FE0}.Release|x64.ActiveCfg = Release|x64
		{423D6153-EDD7-4F14-AE2F-743EA2438FE0}.Release|x64.Build.0 = Release|x64
		{423D6153-EDD7-4F14-AE2F-743EA2438FE0}.Release|x86.ActiveCfg = Release|Win32
		{423D6153-EDD7-4F14-AE2F-743EA2438FE0}.Release|x86.Build.0 = Release|Win32
	EndGlobalSection
	GlobalSection(SolutionProperties) = preSolution
		HideSolutionNode = FALSE
	EndGlobalSection
	GlobalSection(ExtensibilityGlobals) = postSolution
		SolutionGuid = {1BA300C8-E768-41E8-BBC1-4BD40784454D}
	EndGlobalSection
EndGlobal
