
Microsoft Visual Studio Solution File, Format Version 12.00
# Visual Studio Version 16
VisualStudioVersion = 16.0.31229.75
MinimumVisualStudioVersion = 10.0.40219.1
Project("{8BC9CEB8-8B4A-11D0-8D11-00A0C91BC942}") = "subsequence", "subsequence\subsequence.vcxproj", "{ECD70375-0480-400B-843F-F7E8C1A2F903}"
EndProject
Global
	GlobalSection(SolutionConfigurationPlatforms) = preSolution
		Debug|x64 = Debug|x64
		Debug|x86 = Debug|x86
		Release|x64 = Release|x64
		Release|x86 = Release|x86
	EndGlobalSection
	GlobalSection(ProjectConfigurationPlatforms) = postSolution
		{ECD70375-0480-400B-843F-F7E8C1A2F903}.Debug|x64.ActiveCfg = Debug|x64
		{ECD70375-0480-400B-843F-F7E8C1A2F903}.Debug|x64.Build.0 = Debug|x64
		{ECD70375-0480-400B-843F-F7E8C1A2F903}.Debug|x86.ActiveCfg = Debug|Win32
		{ECD70375-0480-400B-843F-F7E8C1A2F903}.Debug|x86.Build.0 = Debug|Win32
		{ECD70375-0480-400B-843F-F7E8C1A2F903}.Release|x64.ActiveCfg = Release|x64
		{ECD70375-0480-400B-843F-F7E8C1A2F903}.Release|x64.Build.0 = Release|x64
		{ECD70375-0480-400B-843F-F7E8C1A2F903}.Release|x86.ActiveCfg = Release|Win32
		{ECD70375-0480-400B-843F-F7E8C1A2F903}.Release|x86.Build.0 = Release|Win32
	EndGlobalSection
	GlobalSection(SolutionProperties) = preSolution
		HideSolutionNode = FALSE
	EndGlobalSection
	GlobalSection(ExtensibilityGlobals) = postSolution
		SolutionGuid = {63B0F96B-EC74-4FA4-818F-A0E982265881}
	EndGlobalSection
EndGlobal
