
Microsoft Visual Studio Solution File, Format Version 12.00
# Visual Studio Version 16
VisualStudioVersion = 16.0.31205.134
MinimumVisualStudioVersion = 10.0.40219.1
Project("{FAE04EC0-301F-11D3-BF4B-00C04F79EFBC}") = "programs", "programs\programs.csproj", "{7641D574-2D6E-4722-B969-715224B4C3CE}"
EndProject
Global
	GlobalSection(SolutionConfigurationPlatforms) = preSolution
		Debug|Any CPU = Debug|Any CPU
		Release|Any CPU = Release|Any CPU
	EndGlobalSection
	GlobalSection(ProjectConfigurationPlatforms) = postSolution
		{7641D574-2D6E-4722-B969-715224B4C3CE}.Debug|Any CPU.ActiveCfg = Debug|Any CPU
		{7641D574-2D6E-4722-B969-715224B4C3CE}.Debug|Any CPU.Build.0 = Debug|Any CPU
		{7641D574-2D6E-4722-B969-715224B4C3CE}.Release|Any CPU.ActiveCfg = Release|Any CPU
		{7641D574-2D6E-4722-B969-715224B4C3CE}.Release|Any CPU.Build.0 = Release|Any CPU
	EndGlobalSection
	GlobalSection(SolutionProperties) = preSolution
		HideSolutionNode = FALSE
	EndGlobalSection
	GlobalSection(ExtensibilityGlobals) = postSolution
		SolutionGuid = {6E6DE2C5-6997-4541-8B05-DCA1AF2148C9}
	EndGlobalSection
EndGlobal
